// !$*UTF8*$!
{
	archiveVersion = 1;
	classes = {
	};
	objectVersion = 46;
	objects = {

/* Begin PBXBuildFile section */
		0F8BD0061E79A725003DF33A /* manager.c in Sources */ = {isa = PBXBuildFile; fileRef = 0F8BD0011E79A725003DF33A /* manager.c */; };
		0F8BD0071E79A725003DF33A /* client.c in Sources */ = {isa = PBXBuildFile; fileRef = 0F8BD0021E79A725003DF33A /* client.c */; };
		0F8BD0081E79A725003DF33A /* tracker.c in Sources */ = {isa = PBXBuildFile; fileRef = 0F8BD0031E79A725003DF33A /* tracker.c */; };
		0F8BD0091E79A725003DF33A /* utility.c in Sources */ = {isa = PBXBuildFile; fileRef = 0F8BD0041E79A725003DF33A /* utility.c */; };
		0F8BD00A1E79A725003DF33A /* init.c in Sources */ = {isa = PBXBuildFile; fileRef = 0F8BD0051E79A725003DF33A /* init.c */; };
		0F8BD00F1E79A7E2003DF33A /* proj1.c in Sources */ = {isa = PBXBuildFile; fileRef = 0F8BD00E1E79A7E2003DF33A /* proj1.c */; };
		0FE1A95D1E7DFD000083620B /* tools.cc in Sources */ = {isa = PBXBuildFile; fileRef = 0FE1A95C1E7DFD000083620B /* tools.cc */; };
		0FE1A9601E7DFD300083620B /* timers.cc in Sources */ = {isa = PBXBuildFile; fileRef = 0FE1A95E1E7DFD300083620B /* timers.cc */; };
		0FE1A9631E7DFD570083620B /* timers-c.cc in Sources */ = {isa = PBXBuildFile; fileRef = 0FE1A9621E7DFD570083620B /* timers-c.cc */; };
/* End PBXBuildFile section */

/* Begin PBXCopyFilesBuildPhase section */
		0F8BCFF51E79A6CF003DF33A /* CopyFiles */ = {
			isa = PBXCopyFilesBuildPhase;
			buildActionMask = 2147483647;
			dstPath = /usr/share/man/man1/;
			dstSubfolderSpec = 0;
			files = (
			);
			runOnlyForDeploymentPostprocessing = 1;
		};
/* End PBXCopyFilesBuildPhase section */

/* Begin PBXFileReference section */
		0F8BCFF71E79A6CF003DF33A /* p1.worden.mike */ = {isa = PBXFileReference; explicitFileType = "compiled.mach-o.executable"; includeInIndex = 0; path = p1.worden.mike; sourceTree = BUILT_PRODUCTS_DIR; };
		0F8BD0011E79A725003DF33A /* manager.c */ = {isa = PBXFileReference; fileEncoding = 4; lastKnownFileType = sourcecode.c.c; name = manager.c; path = src/manager.c; sourceTree = "<group>"; };
		0F8BD0021E79A725003DF33A /* client.c */ = {isa = PBXFileReference; fileEncoding = 4; lastKnownFileType = sourcecode.c.c; name = client.c; path = src/client.c; sourceTree = "<group>"; };
		0F8BD0031E79A725003DF33A /* tracker.c */ = {isa = PBXFileReference; fileEncoding = 4; lastKnownFileType = sourcecode.c.c; name = tracker.c; path = src/tracker.c; sourceTree = "<group>"; };
		0F8BD0041E79A725003DF33A /* utility.c */ = {isa = PBXFileReference; fileEncoding = 4; lastKnownFileType = sourcecode.c.c; name = utility.c; path = src/utility.c; sourceTree = "<group>"; };
		0F8BD0051E79A725003DF33A /* init.c */ = {isa = PBXFileReference; fileEncoding = 4; lastKnownFileType = sourcecode.c.c; name = init.c; path = src/init.c; sourceTree = "<group>"; };
		0F8BD00B1E79A739003DF33A /* manager.h */ = {isa = PBXFileReference; fileEncoding = 4; lastKnownFileType = sourcecode.c.h; name = manager.h; path = include/manager.h; sourceTree = "<group>"; };
		0F8BD00E1E79A7E2003DF33A /* proj1.c */ = {isa = PBXFileReference; fileEncoding = 4; lastKnownFileType = sourcecode.c.c; name = proj1.c; path = src/proj1.c; sourceTree = "<group>"; };
		0FE1A95B1E7DFCE60083620B /* tools.hh */ = {isa = PBXFileReference; fileEncoding = 4; lastKnownFileType = sourcecode.cpp.h; name = tools.hh; path = timers/tools.hh; sourceTree = "<group>"; };
		0FE1A95C1E7DFD000083620B /* tools.cc */ = {isa = PBXFileReference; fileEncoding = 4; lastKnownFileType = sourcecode.cpp.cpp; name = tools.cc; path = timers/tools.cc; sourceTree = "<group>"; };
		0FE1A95E1E7DFD300083620B /* timers.cc */ = {isa = PBXFileReference; fileEncoding = 4; lastKnownFileType = sourcecode.cpp.cpp; name = timers.cc; path = timers/timers.cc; sourceTree = "<group>"; };
		0FE1A95F1E7DFD300083620B /* timers.hh */ = {isa = PBXFileReference; fileEncoding = 4; lastKnownFileType = sourcecode.cpp.h; name = timers.hh; path = timers/timers.hh; sourceTree = "<group>"; };
		0FE1A9611E7DFD570083620B /* timers-c.h */ = {isa = PBXFileReference; fileEncoding = 4; lastKnownFileType = sourcecode.c.h; name = "timers-c.h"; path = "timers/timers-c.h"; sourceTree = "<group>"; };
		0FE1A9621E7DFD570083620B /* timers-c.cc */ = {isa = PBXFileReference; fileEncoding = 4; lastKnownFileType = sourcecode.cpp.cpp; name = "timers-c.cc"; path = "timers/timers-c.cc"; sourceTree = "<group>"; };
/* End PBXFileReference section */

/* Begin PBXFrameworksBuildPhase section */
		0F8BCFF41E79A6CF003DF33A /* Frameworks */ = {
			isa = PBXFrameworksBuildPhase;
			buildActionMask = 2147483647;
			files = (
			);
			runOnlyForDeploymentPostprocessing = 0;
		};
/* End PBXFrameworksBuildPhase section */

/* Begin PBXGroup section */
		0F8BCFEE1E79A6CF003DF33A = {
			isa = PBXGroup;
			children = (
				0F8BCFF91E79A6CF003DF33A /* p1.worden.mike */,
				0F8BCFF81E79A6CF003DF33A /* Products */,
			);
			sourceTree = "<group>";
		};
		0F8BCFF81E79A6CF003DF33A /* Products */ = {
			isa = PBXGroup;
			children = (
				0F8BCFF71E79A6CF003DF33A /* p1.worden.mike */,
			);
			name = Products;
			sourceTree = "<group>";
		};
		0F8BCFF91E79A6CF003DF33A /* p1.worden.mike */ = {
			isa = PBXGroup;
			children = (
				0FE1A95A1E7DA8210083620B /* timer */,
				0F8BD00D1E79A749003DF33A /* include */,
				0F8BD00C1E79A73E003DF33A /* src */,
			);
			path = p1.worden.mike;
			sourceTree = "<group>";
		};
		0F8BD00C1E79A73E003DF33A /* src */ = {
			isa = PBXGroup;
			children = (
				0F8BD0011E79A725003DF33A /* manager.c */,
				0F8BD00E1E79A7E2003DF33A /* proj1.c */,
				0F8BD0021E79A725003DF33A /* client.c */,
				0F8BD0031E79A725003DF33A /* tracker.c */,
				0F8BD0041E79A725003DF33A /* utility.c */,
				0F8BD0051E79A725003DF33A /* init.c */,
			);
			name = src;
			sourceTree = "<group>";
		};
		0F8BD00D1E79A749003DF33A /* include */ = {
			isa = PBXGroup;
			children = (
				0F8BD00B1E79A739003DF33A /* manager.h */,
			);
			name = include;
			sourceTree = "<group>";
		};
		0FE1A95A1E7DA8210083620B /* timer */ = {
			isa = PBXGroup;
			children = (
				0FE1A9611E7DFD570083620B /* timers-c.h */,
				0FE1A9621E7DFD570083620B /* timers-c.cc */,
				0FE1A95E1E7DFD300083620B /* timers.cc */,
				0FE1A95F1E7DFD300083620B /* timers.hh */,
				0FE1A95C1E7DFD000083620B /* tools.cc */,
				0FE1A95B1E7DFCE60083620B /* tools.hh */,
			);
			name = timer;
			sourceTree = "<group>";
		};
/* End PBXGroup section */

/* Begin PBXNativeTarget section */
		0F8BCFF61E79A6CF003DF33A /* p1.worden.mike */ = {
			isa = PBXNativeTarget;
			buildConfigurationList = 0F8BCFFE1E79A6CF003DF33A /* Build configuration list for PBXNativeTarget "p1.worden.mike" */;
			buildPhases = (
				0F8BCFF31E79A6CF003DF33A /* Sources */,
				0F8BCFF41E79A6CF003DF33A /* Frameworks */,
				0F8BCFF51E79A6CF003DF33A /* CopyFiles */,
			);
			buildRules = (
			);
			dependencies = (
			);
			name = p1.worden.mike;
			productName = p1.worden.mike;
			productReference = 0F8BCFF71E79A6CF003DF33A /* p1.worden.mike */;
			productType = "com.apple.product-type.tool";
		};
/* End PBXNativeTarget section */

/* Begin PBXProject section */
		0F8BCFEF1E79A6CF003DF33A /* Project object */ = {
			isa = PBXProject;
			attributes = {
				LastUpgradeCheck = 0820;
				ORGANIZATIONNAME = "Michael Worden";
				TargetAttributes = {
					0F8BCFF61E79A6CF003DF33A = {
						CreatedOnToolsVersion = 8.2.1;
						ProvisioningStyle = Automatic;
					};
				};
			};
			buildConfigurationList = 0F8BCFF21E79A6CF003DF33A /* Build configuration list for PBXProject "p1.worden.mike" */;
			compatibilityVersion = "Xcode 3.2";
			developmentRegion = English;
			hasScannedForEncodings = 0;
			knownRegions = (
				en,
			);
			mainGroup = 0F8BCFEE1E79A6CF003DF33A;
			productRefGroup = 0F8BCFF81E79A6CF003DF33A /* Products */;
			projectDirPath = "";
			projectRoot = "";
			targets = (
				0F8BCFF61E79A6CF003DF33A /* p1.worden.mike */,
			);
		};
/* End PBXProject section */

/* Begin PBXSourcesBuildPhase section */
		0F8BCFF31E79A6CF003DF33A /* Sources */ = {
			isa = PBXSourcesBuildPhase;
			buildActionMask = 2147483647;
			files = (
				0F8BD00F1E79A7E2003DF33A /* proj1.c in Sources */,
				0FE1A9601E7DFD300083620B /* timers.cc in Sources */,
				0FE1A95D1E7DFD000083620B /* tools.cc in Sources */,
				0F8BD00A1E79A725003DF33A /* init.c in Sources */,
				0F8BD0071E79A725003DF33A /* client.c in Sources */,
				0F8BD0061E79A725003DF33A /* manager.c in Sources */,
				0FE1A9631E7DFD570083620B /* timers-c.cc in Sources */,
				0F8BD0091E79A725003DF33A /* utility.c in Sources */,
				0F8BD0081E79A725003DF33A /* tracker.c in Sources */,
			);
			runOnlyForDeploymentPostprocessing = 0;
		};
/* End PBXSourcesBuildPhase section */

/* Begin XCBuildConfiguration section */
		0F8BCFFC1E79A6CF003DF33A /* Debug */ = {
			isa = XCBuildConfiguration;
			buildSettings = {
				ALWAYS_SEARCH_USER_PATHS = NO;
				CLANG_ANALYZER_NONNULL = YES;
				CLANG_CXX_LANGUAGE_STANDARD = "gnu++0x";
				CLANG_CXX_LIBRARY = "libc++";
				CLANG_ENABLE_MODULES = YES;
				CLANG_ENABLE_OBJC_ARC = YES;
				CLANG_WARN_BOOL_CONVERSION = YES;
				CLANG_WARN_CONSTANT_CONVERSION = YES;
				CLANG_WARN_DIRECT_OBJC_ISA_USAGE = YES_ERROR;
				CLANG_WARN_DOCUMENTATION_COMMENTS = YES;
				CLANG_WARN_EMPTY_BODY = YES;
				CLANG_WARN_ENUM_CONVERSION = YES;
				CLANG_WARN_INFINITE_RECURSION = YES;
				CLANG_WARN_INT_CONVERSION = YES;
				CLANG_WARN_OBJC_ROOT_CLASS = YES_ERROR;
				CLANG_WARN_SUSPICIOUS_MOVE = YES;
				CLANG_WARN_UNREACHABLE_CODE = YES;
				CLANG_WARN__DUPLICATE_METHOD_MATCH = YES;
				CODE_SIGN_IDENTITY = "-";
				COPY_PHASE_STRIP = NO;
				DEBUG_INFORMATION_FORMAT = dwarf;
				ENABLE_STRICT_OBJC_MSGSEND = YES;
				ENABLE_TESTABILITY = YES;
				GCC_C_LANGUAGE_STANDARD = gnu99;
				GCC_DYNAMIC_NO_PIC = NO;
				GCC_NO_COMMON_BLOCKS = YES;
				GCC_OPTIMIZATION_LEVEL = 0;
				GCC_PREPROCESSOR_DEFINITIONS = (
					"DEBUG=1",
					"$(inherited)",
				);
				GCC_WARN_64_TO_32_BIT_CONVERSION = YES;
				GCC_WARN_ABOUT_RETURN_TYPE = YES_ERROR;
				GCC_WARN_UNDECLARED_SELECTOR = YES;
				GCC_WARN_UNINITIALIZED_AUTOS = YES_AGGRESSIVE;
				GCC_WARN_UNUSED_FUNCTION = YES;
				GCC_WARN_UNUSED_VARIABLE = YES;
				MACOSX_DEPLOYMENT_TARGET = 10.12;
				MTL_ENABLE_DEBUG_INFO = YES;
				ONLY_ACTIVE_ARCH = YES;
				SDKROOT = macosx;
			};
			name = Debug;
		};
		0F8BCFFD1E79A6CF003DF33A /* Release */ = {
			isa = XCBuildConfiguration;
			buildSettings = {
				ALWAYS_SEARCH_USER_PATHS = NO;
				CLANG_ANALYZER_NONNULL = YES;
				CLANG_CXX_LANGUAGE_STANDARD = "gnu++0x";
				CLANG_CXX_LIBRARY = "libc++";
				CLANG_ENABLE_MODULES = YES;
				CLANG_ENABLE_OBJC_ARC = YES;
				CLANG_WARN_BOOL_CONVERSION = YES;
				CLANG_WARN_CONSTANT_CONVERSION = YES;
				CLANG_WARN_DIRECT_OBJC_ISA_USAGE = YES_ERROR;
				CLANG_WARN_DOCUMENTATION_COMMENTS = YES;
				CLANG_WARN_EMPTY_BODY = YES;
				CLANG_WARN_ENUM_CONVERSION = YES;
				CLANG_WARN_INFINITE_RECURSION = YES;
				CLANG_WARN_INT_CONVERSION = YES;
				CLANG_WARN_OBJC_ROOT_CLASS = YES_ERROR;
				CLANG_WARN_SUSPICIOUS_MOVE = YES;
				CLANG_WARN_UNREACHABLE_CODE = YES;
				CLANG_WARN__DUPLICATE_METHOD_MATCH = YES;
				CODE_SIGN_IDENTITY = "-";
				COPY_PHASE_STRIP = NO;
				DEBUG_INFORMATION_FORMAT = "dwarf-with-dsym";
				ENABLE_NS_ASSERTIONS = NO;
				ENABLE_STRICT_OBJC_MSGSEND = YES;
				GCC_C_LANGUAGE_STANDARD = gnu99;
				GCC_NO_COMMON_BLOCKS = YES;
				GCC_WARN_64_TO_32_BIT_CONVERSION = YES;
				GCC_WARN_ABOUT_RETURN_TYPE = YES_ERROR;
				GCC_WARN_UNDECLARED_SELECTOR = YES;
				GCC_WARN_UNINITIALIZED_AUTOS = YES_AGGRESSIVE;
				GCC_WARN_UNUSED_FUNCTION = YES;
				GCC_WARN_UNUSED_VARIABLE = YES;
				MACOSX_DEPLOYMENT_TARGET = 10.12;
				MTL_ENABLE_DEBUG_INFO = NO;
				SDKROOT = macosx;
			};
			name = Release;
		};
		0F8BCFFF1E79A6CF003DF33A /* Debug */ = {
			isa = XCBuildConfiguration;
			buildSettings = {
				PRODUCT_NAME = "$(TARGET_NAME)";
			};
			name = Debug;
		};
		0F8BD0001E79A6CF003DF33A /* Release */ = {
			isa = XCBuildConfiguration;
			buildSettings = {
				PRODUCT_NAME = "$(TARGET_NAME)";
			};
			name = Release;
		};
/* End XCBuildConfiguration section */

/* Begin XCConfigurationList section */
		0F8BCFF21E79A6CF003DF33A /* Build configuration list for PBXProject "p1.worden.mike" */ = {
			isa = XCConfigurationList;
			buildConfigurations = (
				0F8BCFFC1E79A6CF003DF33A /* Debug */,
				0F8BCFFD1E79A6CF003DF33A /* Release */,
			);
			defaultConfigurationIsVisible = 0;
			defaultConfigurationName = Release;
		};
		0F8BCFFE1E79A6CF003DF33A /* Build configuration list for PBXNativeTarget "p1.worden.mike" */ = {
			isa = XCConfigurationList;
			buildConfigurations = (
				0F8BCFFF1E79A6CF003DF33A /* Debug */,
				0F8BD0001E79A6CF003DF33A /* Release */,
			);
			defaultConfigurationIsVisible = 0;
			defaultConfigurationName = Release;
		};
/* End XCConfigurationList section */
	};
	rootObject = 0F8BCFEF1E79A6CF003DF33A /* Project object */;
}
